
Microsoft Visual Studio Solution File, Format Version 12.00
# Visual Studio Version 17
VisualStudioVersion = 17.7.34031.279
MinimumVisualStudioVersion = 10.0.40219.1
Project("{9A19103F-16F7-4668-BE54-9A1E7A4F7556}") = "WebAPI", "WebAPI\WebAPI.csproj", "{45C60016-6037-49EF-9B2C-150C16A758D1}"
EndProject
Project("{2150E333-8FDC-42A3-9474-1A3956D46DE8}") = "src", "src", "{3FE8E3B4-DB3F-49EF-8676-70910C2AB991}"
EndProject
Project("{2150E333-8FDC-42A3-9474-1A3956D46DE8}") = "tests", "tests", "{DF86ACD4-4BB7-4FD7-A62C-01C62454B191}"
EndProject
Project("{9A19103F-16F7-4668-BE54-9A1E7A4F7556}") = "Application", "Application\Application.csproj", "{A0AA3062-AA17-4B00-8C57-587179934FA9}"
EndProject
Project("{9A19103F-16F7-4668-BE54-9A1E7A4F7556}") = "Domain", "Domain\Domain.csproj", "{EF90EAFB-2062-43CF-89D6-C9ADC38EE9A0}"
EndProject
Project("{9A19103F-16F7-4668-BE54-9A1E7A4F7556}") = "Persistence", "Persistence\Persistence.csproj", "{EC7BB55A-95D6-4E3A-A22A-5EA2864F79BB}"
EndProject
Project("{2150E333-8FDC-42A3-9474-1A3956D46DE8}") = "doc", "doc", "{AC20ECC1-AFE4-496F-AA50-E8EFADF1BAF8}"
EndProject
Project("{2150E333-8FDC-42A3-9474-1A3956D46DE8}") = "Core", "Core", "{FD26F9DF-B439-44A7-AAE9-EE3EA1A17023}"
EndProject
Project("{2150E333-8FDC-42A3-9474-1A3956D46DE8}") = "Infrastructure", "Infrastructure", "{A80C99D9-8F7C-46A8-BD9D-7610FC16B2B2}"
EndProject
Project("{2150E333-8FDC-42A3-9474-1A3956D46DE8}") = "Presentation", "Presentation", "{532670B8-31D0-4776-A675-9E1CE925DF4A}"
EndProject
Project("{9A19103F-16F7-4668-BE54-9A1E7A4F7556}") = "Shared.Dto", "Shared.Dto\Shared.Dto.csproj", "{DA73B44A-CF54-4EF2-ABEC-2323CB94946A}"
EndProject
Global
	GlobalSection(SolutionConfigurationPlatforms) = preSolution
		Debug|Any CPU = Debug|Any CPU
		Release|Any CPU = Release|Any CPU
	EndGlobalSection
	GlobalSection(ProjectConfigurationPlatforms) = postSolution
		{45C60016-6037-49EF-9B2C-150C16A758D1}.Debug|Any CPU.ActiveCfg = Debug|Any CPU
		{45C60016-6037-49EF-9B2C-150C16A758D1}.Debug|Any CPU.Build.0 = Debug|Any CPU
		{45C60016-6037-49EF-9B2C-150C16A758D1}.Release|Any CPU.ActiveCfg = Release|Any CPU
		{45C60016-6037-49EF-9B2C-150C16A758D1}.Release|Any CPU.Build.0 = Release|Any CPU
		{A0AA3062-AA17-4B00-8C57-587179934FA9}.Debug|Any CPU.ActiveCfg = Debug|Any CPU
		{A0AA3062-AA17-4B00-8C57-587179934FA9}.Debug|Any CPU.Build.0 = Debug|Any CPU
		{A0AA3062-AA17-4B00-8C57-587179934FA9}.Release|Any CPU.ActiveCfg = Release|Any CPU
		{A0AA3062-AA17-4B00-8C57-587179934FA9}.Release|Any CPU.Build.0 = Release|Any CPU
		{EF90EAFB-2062-43CF-89D6-C9ADC38EE9A0}.Debug|Any CPU.ActiveCfg = Debug|Any CPU
		{EF90EAFB-2062-43CF-89D6-C9ADC38EE9A0}.Debug|Any CPU.Build.0 = Debug|Any CPU
		{EF90EAFB-2062-43CF-89D6-C9ADC38EE9A0}.Release|Any CPU.ActiveCfg = Release|Any CPU
		{EF90EAFB-2062-43CF-89D6-C9ADC38EE9A0}.Release|Any CPU.Build.0 = Release|Any CPU
		{EC7BB55A-95D6-4E3A-A22A-5EA2864F79BB}.Debug|Any CPU.ActiveCfg = Debug|Any CPU
		{EC7BB55A-95D6-4E3A-A22A-5EA2864F79BB}.Debug|Any CPU.Build.0 = Debug|Any CPU
		{EC7BB55A-95D6-4E3A-A22A-5EA2864F79BB}.Release|Any CPU.ActiveCfg = Release|Any CPU
		{EC7BB55A-95D6-4E3A-A22A-5EA2864F79BB}.Release|Any CPU.Build.0 = Release|Any CPU
		{DA73B44A-CF54-4EF2-ABEC-2323CB94946A}.Debug|Any CPU.ActiveCfg = Debug|Any CPU
		{DA73B44A-CF54-4EF2-ABEC-2323CB94946A}.Debug|Any CPU.Build.0 = Debug|Any CPU
		{DA73B44A-CF54-4EF2-ABEC-2323CB94946A}.Release|Any CPU.ActiveCfg = Release|Any CPU
		{DA73B44A-CF54-4EF2-ABEC-2323CB94946A}.Release|Any CPU.Build.0 = Release|Any CPU
	EndGlobalSection
	GlobalSection(SolutionProperties) = preSolution
		HideSolutionNode = FALSE
	EndGlobalSection
	GlobalSection(NestedProjects) = preSolution
		{45C60016-6037-49EF-9B2C-150C16A758D1} = {532670B8-31D0-4776-A675-9E1CE925DF4A}
		{A0AA3062-AA17-4B00-8C57-587179934FA9} = {FD26F9DF-B439-44A7-AAE9-EE3EA1A17023}
		{EF90EAFB-2062-43CF-89D6-C9ADC38EE9A0} = {FD26F9DF-B439-44A7-AAE9-EE3EA1A17023}
		{EC7BB55A-95D6-4E3A-A22A-5EA2864F79BB} = {A80C99D9-8F7C-46A8-BD9D-7610FC16B2B2}
		{FD26F9DF-B439-44A7-AAE9-EE3EA1A17023} = {3FE8E3B4-DB3F-49EF-8676-70910C2AB991}
		{A80C99D9-8F7C-46A8-BD9D-7610FC16B2B2} = {3FE8E3B4-DB3F-49EF-8676-70910C2AB991}
		{532670B8-31D0-4776-A675-9E1CE925DF4A} = {3FE8E3B4-DB3F-49EF-8676-70910C2AB991}
		{DA73B44A-CF54-4EF2-ABEC-2323CB94946A} = {A80C99D9-8F7C-46A8-BD9D-7610FC16B2B2}
	EndGlobalSection
	GlobalSection(ExtensibilityGlobals) = postSolution
		SolutionGuid = {3514FD42-622A-4EC3-AE93-460B41B77884}
	EndGlobalSection
EndGlobal
